
Microsoft Visual Studio Solution File, Format Version 12.00
# Visual Studio Version 17
VisualStudioVersion = 17.5.33516.290
MinimumVisualStudioVersion = 10.0.40219.1
Project("{9A19103F-16F7-4668-BE54-9A1E7A4F7556}") = "HardwareStore", "HardwareStore\HardwareStore.csproj", "{6083F06A-E021-4241-967D-618D9D01A032}"
EndProject
Project("{9A19103F-16F7-4668-BE54-9A1E7A4F7556}") = "Data", "Data\Data.csproj", "{4108ACA2-78CE-4B8E-BBAE-3B1E80BA6CEE}"
EndProject
Project("{FAE04EC0-301F-11D3-BF4B-00C04F79EFBC}") = "Services", "Services\Services.csproj", "{213352F1-483D-471C-A508-F13AC063A637}"
EndProject
Global
	GlobalSection(SolutionConfigurationPlatforms) = preSolution
		Debug|Any CPU = Debug|Any CPU
		Release|Any CPU = Release|Any CPU
	EndGlobalSection
	GlobalSection(ProjectConfigurationPlatforms) = postSolution
		{6083F06A-E021-4241-967D-618D9D01A032}.Debug|Any CPU.ActiveCfg = Debug|Any CPU
		{6083F06A-E021-4241-967D-618D9D01A032}.Debug|Any CPU.Build.0 = Debug|Any CPU
		{6083F06A-E021-4241-967D-618D9D01A032}.Release|Any CPU.ActiveCfg = Release|Any CPU
		{6083F06A-E021-4241-967D-618D9D01A032}.Release|Any CPU.Build.0 = Release|Any CPU
		{4108ACA2-78CE-4B8E-BBAE-3B1E80BA6CEE}.Debug|Any CPU.ActiveCfg = Debug|Any CPU
		{4108ACA2-78CE-4B8E-BBAE-3B1E80BA6CEE}.Debug|Any CPU.Build.0 = Debug|Any CPU
		{4108ACA2-78CE-4B8E-BBAE-3B1E80BA6CEE}.Release|Any CPU.ActiveCfg = Release|Any CPU
		{4108ACA2-78CE-4B8E-BBAE-3B1E80BA6CEE}.Release|Any CPU.Build.0 = Release|Any CPU
		{213352F1-483D-471C-A508-F13AC063A637}.Debug|Any CPU.ActiveCfg = Debug|Any CPU
		{213352F1-483D-471C-A508-F13AC063A637}.Debug|Any CPU.Build.0 = Debug|Any CPU
		{213352F1-483D-471C-A508-F13AC063A637}.Release|Any CPU.ActiveCfg = Release|Any CPU
		{213352F1-483D-471C-A508-F13AC063A637}.Release|Any CPU.Build.0 = Release|Any CPU
	EndGlobalSection
	GlobalSection(SolutionProperties) = preSolution
		HideSolutionNode = FALSE
	EndGlobalSection
	GlobalSection(ExtensibilityGlobals) = postSolution
		SolutionGuid = {234C35B6-ECB5-4A3E-81FC-CE5938AB8424}
	EndGlobalSection
EndGlobal
